
Microsoft Visual Studio Solution File, Format Version 12.00
# Visual Studio 14
VisualStudioVersion = 14.0.25123.0
MinimumVisualStudioVersion = 10.0.40219.1
Project("{FAE04EC0-301F-11D3-BF4B-00C04F79EFBC}") = "CameraGUI", "CameraGUI\CameraGUI.csproj", "{1F5EBF0D-62BE-423F-95B6-14A4CCFF0346}"
EndProject
Project("{FAE04EC0-301F-11D3-BF4B-00C04F79EFBC}") = "WcfServiceLibrary1", "WcfServiceLibrary1\WcfServiceLibrary1.csproj", "{65ADE659-C8CA-44C6-8193-E0A0168976EC}"
EndProject
Global
	GlobalSection(SolutionConfigurationPlatforms) = preSolution
		Debug|Any CPU = Debug|Any CPU
		Release|Any CPU = Release|Any CPU
	EndGlobalSection
	GlobalSection(ProjectConfigurationPlatforms) = postSolution
		{1F5EBF0D-62BE-423F-95B6-14A4CCFF0346}.Debug|Any CPU.ActiveCfg = Debug|Any CPU
		{1F5EBF0D-62BE-423F-95B6-14A4CCFF0346}.Debug|Any CPU.Build.0 = Debug|Any CPU
		{1F5EBF0D-62BE-423F-95B6-14A4CCFF0346}.Release|Any CPU.ActiveCfg = Release|Any CPU
		{1F5EBF0D-62BE-423F-95B6-14A4CCFF0346}.Release|Any CPU.Build.0 = Release|Any CPU
		{65ADE659-C8CA-44C6-8193-E0A0168976EC}.Debug|Any CPU.ActiveCfg = Debug|Any CPU
		{65ADE659-C8CA-44C6-8193-E0A0168976EC}.Debug|Any CPU.Build.0 = Debug|Any CPU
		{65ADE659-C8CA-44C6-8193-E0A0168976EC}.Release|Any CPU.ActiveCfg = Release|Any CPU
		{65ADE659-C8CA-44C6-8193-E0A0168976EC}.Release|Any CPU.Build.0 = Release|Any CPU
	EndGlobalSection
	GlobalSection(SolutionProperties) = preSolution
		HideSolutionNode = FALSE
	EndGlobalSection
EndGlobal
